
Microsoft Visual Studio Solution File, Format Version 12.00
# Visual Studio Version 17
VisualStudioVersion = 17.0.31903.59
MinimumVisualStudioVersion = 10.0.40219.1
Project("{2150E333-8FDC-42A3-9474-1A3956D46DE8}") = "src", "src", "{827E0CD3-B72D-47B6-A68D-7590B98EB39B}"
EndProject
Project("{FAE04EC0-301F-11D3-BF4B-00C04F79EFBC}") = "RedRouteAI.Core", "src\RedRouteAI.Core\RedRouteAI.Core.csproj", "{3DB0FA2D-8C6F-48AF-9CF7-26F28D7DCF46}"
EndProject
Project("{FAE04EC0-301F-11D3-BF4B-00C04F79EFBC}") = "RedRouteAI.Application", "src\RedRouteAI.Application\RedRouteAI.Application.csproj", "{C14ADBF1-B4FA-417E-9C66-72540E48433C}"
EndProject
Project("{FAE04EC0-301F-11D3-BF4B-00C04F79EFBC}") = "RedRouteAI.Infrastructure", "src\RedRouteAI.Infrastructure\RedRouteAI.Infrastructure.csproj", "{D7A1D7BC-93E2-41FC-8CF1-3F0C7ACBB5EB}"
EndProject
Project("{FAE04EC0-301F-11D3-BF4B-00C04F79EFBC}") = "RedRouteAI.API", "src\RedRouteAI.API\RedRouteAI.API.csproj", "{F6C62822-A244-4B7E-9A52-78F69AB93716}"
EndProject
Project("{2150E333-8FDC-42A3-9474-1A3956D46DE8}") = "tests", "tests", "{0AB3BF05-4346-4AA6-1389-037BE0695223}"
EndProject
Project("{FAE04EC0-301F-11D3-BF4B-00C04F79EFBC}") = "RedRouteAI.Tests", "tests\RedRouteAI.Tests\RedRouteAI.Tests.csproj", "{34BB9CC4-2766-4B9E-AB1A-F57969650727}"
EndProject
Global
	GlobalSection(SolutionConfigurationPlatforms) = preSolution
		Debug|Any CPU = Debug|Any CPU
		Debug|x64 = Debug|x64
		Debug|x86 = Debug|x86
		Release|Any CPU = Release|Any CPU
		Release|x64 = Release|x64
		Release|x86 = Release|x86
	EndGlobalSection
	GlobalSection(ProjectConfigurationPlatforms) = postSolution
		{3DB0FA2D-8C6F-48AF-9CF7-26F28D7DCF46}.Debug|Any CPU.ActiveCfg = Debug|Any CPU
		{3DB0FA2D-8C6F-48AF-9CF7-26F28D7DCF46}.Debug|Any CPU.Build.0 = Debug|Any CPU
		{3DB0FA2D-8C6F-48AF-9CF7-26F28D7DCF46}.Debug|x64.ActiveCfg = Debug|Any CPU
		{3DB0FA2D-8C6F-48AF-9CF7-26F28D7DCF46}.Debug|x64.Build.0 = Debug|Any CPU
		{3DB0FA2D-8C6F-48AF-9CF7-26F28D7DCF46}.Debug|x86.ActiveCfg = Debug|Any CPU
		{3DB0FA2D-8C6F-48AF-9CF7-26F28D7DCF46}.Debug|x86.Build.0 = Debug|Any CPU
		{3DB0FA2D-8C6F-48AF-9CF7-26F28D7DCF46}.Release|Any CPU.ActiveCfg = Release|Any CPU
		{3DB0FA2D-8C6F-48AF-9CF7-26F28D7DCF46}.Release|Any CPU.Build.0 = Release|Any CPU
		{3DB0FA2D-8C6F-48AF-9CF7-26F28D7DCF46}.Release|x64.ActiveCfg = Release|Any CPU
		{3DB0FA2D-8C6F-48AF-9CF7-26F28D7DCF46}.Release|x64.Build.0 = Release|Any CPU
		{3DB0FA2D-8C6F-48AF-9CF7-26F28D7DCF46}.Release|x86.ActiveCfg = Release|Any CPU
		{3DB0FA2D-8C6F-48AF-9CF7-26F28D7DCF46}.Release|x86.Build.0 = Release|Any CPU
		{C14ADBF1-B4FA-417E-9C66-72540E48433C}.Debug|Any CPU.ActiveCfg = Debug|Any CPU
		{C14ADBF1-B4FA-417E-9C66-72540E48433C}.Debug|Any CPU.Build.0 = Debug|Any CPU
		{C14ADBF1-B4FA-417E-9C66-72540E48433C}.Debug|x64.ActiveCfg = Debug|Any CPU
		{C14ADBF1-B4FA-417E-9C66-72540E48433C}.Debug|x64.Build.0 = Debug|Any CPU
		{C14ADBF1-B4FA-417E-9C66-72540E48433C}.Debug|x86.ActiveCfg = Debug|Any CPU
		{C14ADBF1-B4FA-417E-9C66-72540E48433C}.Debug|x86.Build.0 = Debug|Any CPU
		{C14ADBF1-B4FA-417E-9C66-72540E48433C}.Release|Any CPU.ActiveCfg = Release|Any CPU
		{C14ADBF1-B4FA-417E-9C66-72540E48433C}.Release|Any CPU.Build.0 = Release|Any CPU
		{C14ADBF1-B4FA-417E-9C66-72540E48433C}.Release|x64.ActiveCfg = Release|Any CPU
		{C14ADBF1-B4FA-417E-9C66-72540E48433C}.Release|x64.Build.0 = Release|Any CPU
		{C14ADBF1-B4FA-417E-9C66-72540E48433C}.Release|x86.ActiveCfg = Release|Any CPU
		{C14ADBF1-B4FA-417E-9C66-72540E48433C}.Release|x86.Build.0 = Release|Any CPU
		{D7A1D7BC-93E2-41FC-8CF1-3F0C7ACBB5EB}.Debug|Any CPU.ActiveCfg = Debug|Any CPU
		{D7A1D7BC-93E2-41FC-8CF1-3F0C7ACBB5EB}.Debug|Any CPU.Build.0 = Debug|Any CPU
		{D7A1D7BC-93E2-41FC-8CF1-3F0C7ACBB5EB}.Debug|x64.ActiveCfg = Debug|Any CPU
		{D7A1D7BC-93E2-41FC-8CF1-3F0C7ACBB5EB}.Debug|x64.Build.0 = Debug|Any CPU
		{D7A1D7BC-93E2-41FC-8CF1-3F0C7ACBB5EB}.Debug|x86.ActiveCfg = Debug|Any CPU
		{D7A1D7BC-93E2-41FC-8CF1-3F0C7ACBB5EB}.Debug|x86.Build.0 = Debug|Any CPU
		{D7A1D7BC-93E2-41FC-8CF1-3F0C7ACBB5EB}.Release|Any CPU.ActiveCfg = Release|Any CPU
		{D7A1D7BC-93E2-41FC-8CF1-3F0C7ACBB5EB}.Release|Any CPU.Build.0 = Release|Any CPU
		{D7A1D7BC-93E2-41FC-8CF1-3F0C7ACBB5EB}.Release|x64.ActiveCfg = Release|Any CPU
		{D7A1D7BC-93E2-41FC-8CF1-3F0C7ACBB5EB}.Release|x64.Build.0 = Release|Any CPU
		{D7A1D7BC-93E2-41FC-8CF1-3F0C7ACBB5EB}.Release|x86.ActiveCfg = Release|Any CPU
		{D7A1D7BC-93E2-41FC-8CF1-3F0C7ACBB5EB}.Release|x86.Build.0 = Release|Any CPU
		{F6C62822-A244-4B7E-9A52-78F69AB93716}.Debug|Any CPU.ActiveCfg = Debug|Any CPU
		{F6C62822-A244-4B7E-9A52-78F69AB93716}.Debug|Any CPU.Build.0 = Debug|Any CPU
		{F6C62822-A244-4B7E-9A52-78F69AB93716}.Debug|x64.ActiveCfg = Debug|Any CPU
		{F6C62822-A244-4B7E-9A52-78F69AB93716}.Debug|x64.Build.0 = Debug|Any CPU
		{F6C62822-A244-4B7E-9A52-78F69AB93716}.Debug|x86.ActiveCfg = Debug|Any CPU
		{F6C62822-A244-4B7E-9A52-78F69AB93716}.Debug|x86.Build.0 = Debug|Any CPU
		{F6C62822-A244-4B7E-9A52-78F69AB93716}.Release|Any CPU.ActiveCfg = Release|Any CPU
		{F6C62822-A244-4B7E-9A52-78F69AB93716}.Release|Any CPU.Build.0 = Release|Any CPU
		{F6C62822-A244-4B7E-9A52-78F69AB93716}.Release|x64.ActiveCfg = Release|Any CPU
		{F6C62822-A244-4B7E-9A52-78F69AB93716}.Release|x64.Build.0 = Release|Any CPU
		{F6C62822-A244-4B7E-9A52-78F69AB93716}.Release|x86.ActiveCfg = Release|Any CPU
		{F6C62822-A244-4B7E-9A52-78F69AB93716}.Release|x86.Build.0 = Release|Any CPU
		{34BB9CC4-2766-4B9E-AB1A-F57969650727}.Debug|Any CPU.ActiveCfg = Debug|Any CPU
		{34BB9CC4-2766-4B9E-AB1A-F57969650727}.Debug|Any CPU.Build.0 = Debug|Any CPU
		{34BB9CC4-2766-4B9E-AB1A-F57969650727}.Debug|x64.ActiveCfg = Debug|Any CPU
		{34BB9CC4-2766-4B9E-AB1A-F57969650727}.Debug|x64.Build.0 = Debug|Any CPU
		{34BB9CC4-2766-4B9E-AB1A-F57969650727}.Debug|x86.ActiveCfg = Debug|Any CPU
		{34BB9CC4-2766-4B9E-AB1A-F57969650727}.Debug|x86.Build.0 = Debug|Any CPU
		{34BB9CC4-2766-4B9E-AB1A-F57969650727}.Release|Any CPU.ActiveCfg = Release|Any CPU
		{34BB9CC4-2766-4B9E-AB1A-F57969650727}.Release|Any CPU.Build.0 = Release|Any CPU
		{34BB9CC4-2766-4B9E-AB1A-F57969650727}.Release|x64.ActiveCfg = Release|Any CPU
		{34BB9CC4-2766-4B9E-AB1A-F57969650727}.Release|x64.Build.0 = Release|Any CPU
		{34BB9CC4-2766-4B9E-AB1A-F57969650727}.Release|x86.ActiveCfg = Release|Any CPU
		{34BB9CC4-2766-4B9E-AB1A-F57969650727}.Release|x86.Build.0 = Release|Any CPU
	EndGlobalSection
	GlobalSection(SolutionProperties) = preSolution
		HideSolutionNode = FALSE
	EndGlobalSection
	GlobalSection(NestedProjects) = preSolution
		{3DB0FA2D-8C6F-48AF-9CF7-26F28D7DCF46} = {827E0CD3-B72D-47B6-A68D-7590B98EB39B}
		{C14ADBF1-B4FA-417E-9C66-72540E48433C} = {827E0CD3-B72D-47B6-A68D-7590B98EB39B}
		{D7A1D7BC-93E2-41FC-8CF1-3F0C7ACBB5EB} = {827E0CD3-B72D-47B6-A68D-7590B98EB39B}
		{F6C62822-A244-4B7E-9A52-78F69AB93716} = {827E0CD3-B72D-47B6-A68D-7590B98EB39B}
		{34BB9CC4-2766-4B9E-AB1A-F57969650727} = {0AB3BF05-4346-4AA6-1389-037BE0695223}
	EndGlobalSection
EndGlobal
